
Microsoft Visual Studio Solution File, Format Version 12.00
# Visual Studio Version 17
VisualStudioVersion = 17.2.32616.157
MinimumVisualStudioVersion = 10.0.40219.1
Project("{FAE04EC0-301F-11D3-BF4B-00C04F79EFBC}") = "ForellePlayground.Tests", "ForellePlayground.Tests\ForellePlayground.Tests.csproj", "{50F68F2B-8817-4A0F-A5BF-326AB403CC6D}"
EndProject
Global
	GlobalSection(SolutionConfigurationPlatforms) = preSolution
		Debug|Any CPU = Debug|Any CPU
		Release|Any CPU = Release|Any CPU
	EndGlobalSection
	GlobalSection(ProjectConfigurationPlatforms) = postSolution
		{50F68F2B-8817-4A0F-A5BF-326AB403CC6D}.Debug|Any CPU.ActiveCfg = Debug|Any CPU
		{50F68F2B-8817-4A0F-A5BF-326AB403CC6D}.Debug|Any CPU.Build.0 = Debug|Any CPU
		{50F68F2B-8817-4A0F-A5BF-326AB403CC6D}.Release|Any CPU.ActiveCfg = Release|Any CPU
		{50F68F2B-8817-4A0F-A5BF-326AB403CC6D}.Release|Any CPU.Build.0 = Release|Any CPU
	EndGlobalSection
	GlobalSection(SolutionProperties) = preSolution
		HideSolutionNode = FALSE
	EndGlobalSection
	GlobalSection(ExtensibilityGlobals) = postSolution
		SolutionGuid = {6E007BA9-05F8-47A3-9ACD-7C11E4DFB54F}
	EndGlobalSection
EndGlobal
